<Solution>
  <Project Path="../Lab02_MidiDiscovery/Lab02_MidiDiscovery.csproj" Id="19e79c8c-8c18-44cf-b55d-caaed4bfa20b" />
  <Project Path="../Lab03_MidiEvents/Lab03_MidiEvents.csproj" Id="8dec6a25-4338-4d53-912e-2a4e55198f0b" />
  <Project Path="../Lab04_MidiToRdl/Lab04_MidiToRdl.csproj" Id="70d939e3-8563-44d6-bf3e-01bc74257962" />
  <Project Path="Lab01_MidiInput.csproj" />
</Solution>
